
Microsoft Visual Studio Solution File, Format Version 12.00
# Visual Studio 15
VisualStudioVersion = 15.0.28307.106
MinimumVisualStudioVersion = 10.0.40219.1
Project("{FAE04EC0-301F-11D3-BF4B-00C04F79EFBC}") = "Distance", "Distance\Distance.csproj", "{1EAFBB8B-927E-4EAC-BE8A-129EBB0A45AD}"
EndProject
Global
	GlobalSection(SolutionConfigurationPlatforms) = preSolution
		Debug|Any CPU = Debug|Any CPU
		Release|Any CPU = Release|Any CPU
	EndGlobalSection
	GlobalSection(ProjectConfigurationPlatforms) = postSolution
		{1EAFBB8B-927E-4EAC-BE8A-129EBB0A45AD}.Debug|Any CPU.ActiveCfg = Debug|Any CPU
		{1EAFBB8B-927E-4EAC-BE8A-129EBB0A45AD}.Debug|Any CPU.Build.0 = Debug|Any CPU
		{1EAFBB8B-927E-4EAC-BE8A-129EBB0A45AD}.Release|Any CPU.ActiveCfg = Release|Any CPU
		{1EAFBB8B-927E-4EAC-BE8A-129EBB0A45AD}.Release|Any CPU.Build.0 = Release|Any CPU
	EndGlobalSection
	GlobalSection(SolutionProperties) = preSolution
		HideSolutionNode = FALSE
	EndGlobalSection
	GlobalSection(ExtensibilityGlobals) = postSolution
		SolutionGuid = {7CE05446-CDA3-4528-AA34-2965439AE4A7}
	EndGlobalSection
EndGlobal
