
Microsoft Visual Studio Solution File, Format Version 12.00
# Visual Studio 15
VisualStudioVersion = 15.0.28307.645
MinimumVisualStudioVersion = 10.0.40219.1
Project("{FAE04EC0-301F-11D3-BF4B-00C04F79EFBC}") = "ESanatateUI", "ESanatateUI\ESanatateUI.csproj", "{EAA86CC7-5CE0-47D7-9F0D-30288A259213}"
EndProject
Global
	GlobalSection(SolutionConfigurationPlatforms) = preSolution
		Debug|Any CPU = Debug|Any CPU
		Release|Any CPU = Release|Any CPU
	EndGlobalSection
	GlobalSection(ProjectConfigurationPlatforms) = postSolution
		{EAA86CC7-5CE0-47D7-9F0D-30288A259213}.Debug|Any CPU.ActiveCfg = Debug|Any CPU
		{EAA86CC7-5CE0-47D7-9F0D-30288A259213}.Debug|Any CPU.Build.0 = Debug|Any CPU
		{EAA86CC7-5CE0-47D7-9F0D-30288A259213}.Release|Any CPU.ActiveCfg = Release|Any CPU
		{EAA86CC7-5CE0-47D7-9F0D-30288A259213}.Release|Any CPU.Build.0 = Release|Any CPU
	EndGlobalSection
	GlobalSection(SolutionProperties) = preSolution
		HideSolutionNode = FALSE
	EndGlobalSection
	GlobalSection(ExtensibilityGlobals) = postSolution
		SolutionGuid = {04054D76-08A6-4605-8A92-2B5451FF12E4}
	EndGlobalSection
EndGlobal
