
Microsoft Visual Studio Solution File, Format Version 12.00
# Visual Studio 15
VisualStudioVersion = 15.0.28307.106
MinimumVisualStudioVersion = 10.0.40219.1
Project("{FAE04EC0-301F-11D3-BF4B-00C04F79EFBC}") = "Mod2_Lab2", "Mod2_Lab2\Mod2_Lab2.csproj", "{AD313FCE-1A0D-4E7A-97B0-F0D3E513D51C}"
EndProject
Global
	GlobalSection(SolutionConfigurationPlatforms) = preSolution
		Debug|Any CPU = Debug|Any CPU
		Release|Any CPU = Release|Any CPU
	EndGlobalSection
	GlobalSection(ProjectConfigurationPlatforms) = postSolution
		{AD313FCE-1A0D-4E7A-97B0-F0D3E513D51C}.Debug|Any CPU.ActiveCfg = Debug|Any CPU
		{AD313FCE-1A0D-4E7A-97B0-F0D3E513D51C}.Debug|Any CPU.Build.0 = Debug|Any CPU
		{AD313FCE-1A0D-4E7A-97B0-F0D3E513D51C}.Release|Any CPU.ActiveCfg = Release|Any CPU
		{AD313FCE-1A0D-4E7A-97B0-F0D3E513D51C}.Release|Any CPU.Build.0 = Release|Any CPU
	EndGlobalSection
	GlobalSection(SolutionProperties) = preSolution
		HideSolutionNode = FALSE
	EndGlobalSection
	GlobalSection(ExtensibilityGlobals) = postSolution
		SolutionGuid = {BDBF2936-A15F-4319-9C04-51DDD166FF18}
	EndGlobalSection
EndGlobal
