
Microsoft Visual Studio Solution File, Format Version 12.00
# Visual Studio 15
VisualStudioVersion = 15.0.28307.106
MinimumVisualStudioVersion = 10.0.40219.1
Project("{FAE04EC0-301F-11D3-BF4B-00C04F79EFBC}") = "CabinetMedical", "CabinetMedical\CabinetMedical.csproj", "{B53EA79D-E775-4980-AE9D-B5CCF927B83B}"
EndProject
Global
	GlobalSection(SolutionConfigurationPlatforms) = preSolution
		Debug|Any CPU = Debug|Any CPU
		Release|Any CPU = Release|Any CPU
	EndGlobalSection
	GlobalSection(ProjectConfigurationPlatforms) = postSolution
		{B53EA79D-E775-4980-AE9D-B5CCF927B83B}.Debug|Any CPU.ActiveCfg = Debug|Any CPU
		{B53EA79D-E775-4980-AE9D-B5CCF927B83B}.Debug|Any CPU.Build.0 = Debug|Any CPU
		{B53EA79D-E775-4980-AE9D-B5CCF927B83B}.Release|Any CPU.ActiveCfg = Release|Any CPU
		{B53EA79D-E775-4980-AE9D-B5CCF927B83B}.Release|Any CPU.Build.0 = Release|Any CPU
	EndGlobalSection
	GlobalSection(SolutionProperties) = preSolution
		HideSolutionNode = FALSE
	EndGlobalSection
	GlobalSection(ExtensibilityGlobals) = postSolution
		SolutionGuid = {14BDC6FB-E75A-4553-AA90-DD9C7C98F819}
	EndGlobalSection
EndGlobal
