
Microsoft Visual Studio Solution File, Format Version 12.00
# Visual Studio 15
VisualStudioVersion = 15.0.28307.106
MinimumVisualStudioVersion = 10.0.40219.1
Project("{9A19103F-16F7-4668-BE54-9A1E7A4F7556}") = "CSLibrary", "CSLibrary\CSLibrary.csproj", "{A253628A-385F-4F50-BCB3-A5ACA39F9BD8}"
EndProject
Project("{FAE04EC0-301F-11D3-BF4B-00C04F79EFBC}") = "UABCSUI", "UABCSUI\UABCSUI.csproj", "{CA07D7D1-4F4B-4BBB-A901-D1704129A0C1}"
EndProject
Global
	GlobalSection(SolutionConfigurationPlatforms) = preSolution
		Debug|Any CPU = Debug|Any CPU
		Release|Any CPU = Release|Any CPU
	EndGlobalSection
	GlobalSection(ProjectConfigurationPlatforms) = postSolution
		{A253628A-385F-4F50-BCB3-A5ACA39F9BD8}.Debug|Any CPU.ActiveCfg = Debug|Any CPU
		{A253628A-385F-4F50-BCB3-A5ACA39F9BD8}.Debug|Any CPU.Build.0 = Debug|Any CPU
		{A253628A-385F-4F50-BCB3-A5ACA39F9BD8}.Release|Any CPU.ActiveCfg = Release|Any CPU
		{A253628A-385F-4F50-BCB3-A5ACA39F9BD8}.Release|Any CPU.Build.0 = Release|Any CPU
		{CA07D7D1-4F4B-4BBB-A901-D1704129A0C1}.Debug|Any CPU.ActiveCfg = Debug|Any CPU
		{CA07D7D1-4F4B-4BBB-A901-D1704129A0C1}.Debug|Any CPU.Build.0 = Debug|Any CPU
		{CA07D7D1-4F4B-4BBB-A901-D1704129A0C1}.Release|Any CPU.ActiveCfg = Release|Any CPU
		{CA07D7D1-4F4B-4BBB-A901-D1704129A0C1}.Release|Any CPU.Build.0 = Release|Any CPU
	EndGlobalSection
	GlobalSection(SolutionProperties) = preSolution
		HideSolutionNode = FALSE
	EndGlobalSection
	GlobalSection(ExtensibilityGlobals) = postSolution
		SolutionGuid = {B686F1C0-AB3C-4359-9A73-CC8F58AB1531}
	EndGlobalSection
EndGlobal
