
Microsoft Visual Studio Solution File, Format Version 12.00
# Visual Studio 15
VisualStudioVersion = 15.0.28307.106
MinimumVisualStudioVersion = 10.0.40219.1
Project("{FAE04EC0-301F-11D3-BF4B-00C04F79EFBC}") = "ChessTable", "ChessTable\ChessTable.csproj", "{5D9DF7E3-6C0D-4212-90BE-2E29F069B74B}"
EndProject
Global
	GlobalSection(SolutionConfigurationPlatforms) = preSolution
		Debug|Any CPU = Debug|Any CPU
		Release|Any CPU = Release|Any CPU
	EndGlobalSection
	GlobalSection(ProjectConfigurationPlatforms) = postSolution
		{5D9DF7E3-6C0D-4212-90BE-2E29F069B74B}.Debug|Any CPU.ActiveCfg = Debug|Any CPU
		{5D9DF7E3-6C0D-4212-90BE-2E29F069B74B}.Debug|Any CPU.Build.0 = Debug|Any CPU
		{5D9DF7E3-6C0D-4212-90BE-2E29F069B74B}.Release|Any CPU.ActiveCfg = Release|Any CPU
		{5D9DF7E3-6C0D-4212-90BE-2E29F069B74B}.Release|Any CPU.Build.0 = Release|Any CPU
	EndGlobalSection
	GlobalSection(SolutionProperties) = preSolution
		HideSolutionNode = FALSE
	EndGlobalSection
	GlobalSection(ExtensibilityGlobals) = postSolution
		SolutionGuid = {1CFF64BB-B995-4036-9486-FBC904D061A7}
	EndGlobalSection
EndGlobal
