
Microsoft Visual Studio Solution File, Format Version 12.00
# Visual Studio 15
VisualStudioVersion = 15.0.28307.106
MinimumVisualStudioVersion = 10.0.40219.1
Project("{FAE04EC0-301F-11D3-BF4B-00C04F79EFBC}") = "Grafica", "Grafica\Grafica.csproj", "{222B7F11-AABC-484E-9B5C-0BB2386113BC}"
EndProject
Global
	GlobalSection(SolutionConfigurationPlatforms) = preSolution
		Debug|Any CPU = Debug|Any CPU
		Release|Any CPU = Release|Any CPU
	EndGlobalSection
	GlobalSection(ProjectConfigurationPlatforms) = postSolution
		{222B7F11-AABC-484E-9B5C-0BB2386113BC}.Debug|Any CPU.ActiveCfg = Debug|Any CPU
		{222B7F11-AABC-484E-9B5C-0BB2386113BC}.Debug|Any CPU.Build.0 = Debug|Any CPU
		{222B7F11-AABC-484E-9B5C-0BB2386113BC}.Release|Any CPU.ActiveCfg = Release|Any CPU
		{222B7F11-AABC-484E-9B5C-0BB2386113BC}.Release|Any CPU.Build.0 = Release|Any CPU
	EndGlobalSection
	GlobalSection(SolutionProperties) = preSolution
		HideSolutionNode = FALSE
	EndGlobalSection
	GlobalSection(ExtensibilityGlobals) = postSolution
		SolutionGuid = {BE3617B0-5B01-4E8F-8FCE-705991592CAA}
	EndGlobalSection
EndGlobal
